
Microsoft Visual Studio Solution File, Format Version 12.00
Project("{FAE04EC0-301F-11D3-BF4B-00C04F79EFBC}") = "DependencyInjection.Sample", "DependencyInjection.Sample\DependencyInjection.Sample.csproj", "{F01C78D7-EE61-417B-9575-BC1013320F07}"
EndProject
Project("{FAE04EC0-301F-11D3-BF4B-00C04F79EFBC}") = "DependencyInjection", "DependencyInjection\DependencyInjection.csproj", "{EE3DF088-9644-4BFF-AF25-A58E9513D705}"
EndProject
Global
	GlobalSection(SolutionConfigurationPlatforms) = preSolution
		Debug|Any CPU = Debug|Any CPU
		Release|Any CPU = Release|Any CPU
	EndGlobalSection
	GlobalSection(ProjectConfigurationPlatforms) = postSolution
		{F01C78D7-EE61-417B-9575-BC1013320F07}.Debug|Any CPU.ActiveCfg = Debug|Any CPU
		{F01C78D7-EE61-417B-9575-BC1013320F07}.Debug|Any CPU.Build.0 = Debug|Any CPU
		{F01C78D7-EE61-417B-9575-BC1013320F07}.Release|Any CPU.ActiveCfg = Release|Any CPU
		{F01C78D7-EE61-417B-9575-BC1013320F07}.Release|Any CPU.Build.0 = Release|Any CPU
		{EE3DF088-9644-4BFF-AF25-A58E9513D705}.Debug|Any CPU.ActiveCfg = Debug|Any CPU
		{EE3DF088-9644-4BFF-AF25-A58E9513D705}.Debug|Any CPU.Build.0 = Debug|Any CPU
		{EE3DF088-9644-4BFF-AF25-A58E9513D705}.Release|Any CPU.ActiveCfg = Release|Any CPU
		{EE3DF088-9644-4BFF-AF25-A58E9513D705}.Release|Any CPU.Build.0 = Release|Any CPU
	EndGlobalSection
EndGlobal
